
Microsoft Visual Studio Solution File, Format Version 12.00
# Visual Studio 15
VisualStudioVersion = 15.0.28307.489
MinimumVisualStudioVersion = 10.0.40219.1
Project("{9A19103F-16F7-4668-BE54-9A1E7A4F7556}") = "TripWMe.App", "TripWMe.App\TripWMe.App.csproj", "{00B28875-C30B-4B83-9BA3-F44BD8A091F4}"
EndProject
Project("{9A19103F-16F7-4668-BE54-9A1E7A4F7556}") = "TripWMe.Data", "TripWMe.Data\TripWMe.Data.csproj", "{65BD1EA5-7AF4-4457-8E2E-B928EBE69911}"
EndProject
Project("{9A19103F-16F7-4668-BE54-9A1E7A4F7556}") = "TripWMe.Domain", "TripWMe.Domain\TripWMe.Domain.csproj", "{80E2BFE0-5C27-4226-B4AB-C7516C9C7AE2}"
EndProject
Project("{9A19103F-16F7-4668-BE54-9A1E7A4F7556}") = "TripWMe.CoreHelpers", "TripWMe.CoreHelpers\TripWMe.CoreHelpers.csproj", "{DC50715B-A011-4A03-9236-B1F339EBE40B}"
EndProject
Project("{9A19103F-16F7-4668-BE54-9A1E7A4F7556}") = "TripWMe.Models", "TripWMe.Models\TripWMe.Models.csproj", "{4A1A5208-3D5E-4C55-A1A2-6AF14432B9DE}"
EndProject
Project("{FAE04EC0-301F-11D3-BF4B-00C04F79EFBC}") = "TripWMe.IDP", "TripWMe.IDP\TripWMe.IDP.csproj", "{B9A59A79-5887-402A-9E14-8F12552799E0}"
EndProject
Global
	GlobalSection(SolutionConfigurationPlatforms) = preSolution
		Debug|Any CPU = Debug|Any CPU
		Release|Any CPU = Release|Any CPU
	EndGlobalSection
	GlobalSection(ProjectConfigurationPlatforms) = postSolution
		{00B28875-C30B-4B83-9BA3-F44BD8A091F4}.Debug|Any CPU.ActiveCfg = Debug|Any CPU
		{00B28875-C30B-4B83-9BA3-F44BD8A091F4}.Debug|Any CPU.Build.0 = Debug|Any CPU
		{00B28875-C30B-4B83-9BA3-F44BD8A091F4}.Release|Any CPU.ActiveCfg = Release|Any CPU
		{00B28875-C30B-4B83-9BA3-F44BD8A091F4}.Release|Any CPU.Build.0 = Release|Any CPU
		{65BD1EA5-7AF4-4457-8E2E-B928EBE69911}.Debug|Any CPU.ActiveCfg = Debug|Any CPU
		{65BD1EA5-7AF4-4457-8E2E-B928EBE69911}.Debug|Any CPU.Build.0 = Debug|Any CPU
		{65BD1EA5-7AF4-4457-8E2E-B928EBE69911}.Release|Any CPU.ActiveCfg = Release|Any CPU
		{65BD1EA5-7AF4-4457-8E2E-B928EBE69911}.Release|Any CPU.Build.0 = Release|Any CPU
		{80E2BFE0-5C27-4226-B4AB-C7516C9C7AE2}.Debug|Any CPU.ActiveCfg = Debug|Any CPU
		{80E2BFE0-5C27-4226-B4AB-C7516C9C7AE2}.Debug|Any CPU.Build.0 = Debug|Any CPU
		{80E2BFE0-5C27-4226-B4AB-C7516C9C7AE2}.Release|Any CPU.ActiveCfg = Release|Any CPU
		{80E2BFE0-5C27-4226-B4AB-C7516C9C7AE2}.Release|Any CPU.Build.0 = Release|Any CPU
		{DC50715B-A011-4A03-9236-B1F339EBE40B}.Debug|Any CPU.ActiveCfg = Debug|Any CPU
		{DC50715B-A011-4A03-9236-B1F339EBE40B}.Debug|Any CPU.Build.0 = Debug|Any CPU
		{DC50715B-A011-4A03-9236-B1F339EBE40B}.Release|Any CPU.ActiveCfg = Release|Any CPU
		{DC50715B-A011-4A03-9236-B1F339EBE40B}.Release|Any CPU.Build.0 = Release|Any CPU
		{4A1A5208-3D5E-4C55-A1A2-6AF14432B9DE}.Debug|Any CPU.ActiveCfg = Debug|Any CPU
		{4A1A5208-3D5E-4C55-A1A2-6AF14432B9DE}.Debug|Any CPU.Build.0 = Debug|Any CPU
		{4A1A5208-3D5E-4C55-A1A2-6AF14432B9DE}.Release|Any CPU.ActiveCfg = Release|Any CPU
		{4A1A5208-3D5E-4C55-A1A2-6AF14432B9DE}.Release|Any CPU.Build.0 = Release|Any CPU
		{B9A59A79-5887-402A-9E14-8F12552799E0}.Debug|Any CPU.ActiveCfg = Debug|Any CPU
		{B9A59A79-5887-402A-9E14-8F12552799E0}.Debug|Any CPU.Build.0 = Debug|Any CPU
		{B9A59A79-5887-402A-9E14-8F12552799E0}.Release|Any CPU.ActiveCfg = Release|Any CPU
		{B9A59A79-5887-402A-9E14-8F12552799E0}.Release|Any CPU.Build.0 = Release|Any CPU
	EndGlobalSection
	GlobalSection(SolutionProperties) = preSolution
		HideSolutionNode = FALSE
	EndGlobalSection
	GlobalSection(ExtensibilityGlobals) = postSolution
		SolutionGuid = {BCD18D96-7DE1-470C-96DE-B4CE9F832E9C}
	EndGlobalSection
EndGlobal
